Microsoft Visual Studio Solution File, Format Version 11.00
# Visual Studio 2008

Project("{5257B3D4-DDA8-C35F-5772-D91E41F6A96F}") = "Rng Maze", "Assembly-CSharp-firstpass.csproj", "{CA63BF79-AC82-7A65-3B33-0279C0EC3CCC}"
EndProject
Project("{5257B3D4-DDA8-C35F-5772-D91E41F6A96F}") = "Rng Maze", "Assembly-UnityScript-firstpass.unityproj", "{392BBD94-47F4-BE7C-4F5F-13E09AA5BBC9}"
EndProject
Global
	GlobalSection(SolutionConfigurationPlatforms) = preSolution
		Debug|Any CPU = Debug|Any CPU
		Release|Any CPU = Release|Any CPU
	EndGlobalSection
	GlobalSection(ProjectConfigurationPlatforms) = postSolution
		{CA63BF79-AC82-7A65-3B33-0279C0EC3CCC}.Debug|Any CPU.ActiveCfg = Debug|Any CPU
		{CA63BF79-AC82-7A65-3B33-0279C0EC3CCC}.Debug|Any CPU.Build.0 = Debug|Any CPU
		{CA63BF79-AC82-7A65-3B33-0279C0EC3CCC}.Release|Any CPU.ActiveCfg = Release|Any CPU
		{CA63BF79-AC82-7A65-3B33-0279C0EC3CCC}.Release|Any CPU.Build.0 = Release|Any CPU
		{392BBD94-47F4-BE7C-4F5F-13E09AA5BBC9}.Debug|Any CPU.ActiveCfg = Debug|Any CPU
		{392BBD94-47F4-BE7C-4F5F-13E09AA5BBC9}.Debug|Any CPU.Build.0 = Debug|Any CPU
		{392BBD94-47F4-BE7C-4F5F-13E09AA5BBC9}.Release|Any CPU.ActiveCfg = Release|Any CPU
		{392BBD94-47F4-BE7C-4F5F-13E09AA5BBC9}.Release|Any CPU.Build.0 = Release|Any CPU
	EndGlobalSection
	GlobalSection(SolutionProperties) = preSolution
		HideSolutionNode = FALSE
	EndGlobalSection
			GlobalSection(MonoDevelopProperties) = preSolution
		StartupItem = Assembly-CSharp.csproj
		Policies = $0
		$0.TextStylePolicy = $1
		$1.inheritsSet = null
		$1.scope = text/x-csharp
		$0.CSharpFormattingPolicy = $2
		$2.inheritsSet = Mono
		$2.inheritsScope = text/x-csharp
		$2.scope = text/x-csharp
		$0.TextStylePolicy = $3
		$3.FileWidth = 120
		$3.TabWidth = 4
		$3.EolMarker = Unix
		$3.inheritsSet = Mono
		$3.inheritsScope = text/plain
		$3.scope = text/plain
	EndGlobalSection

EndGlobal
